
Microsoft Visual Studio Solution File, Format Version 12.00
# Visual Studio Version 16
VisualStudioVersion = 16.0.30011.22
MinimumVisualStudioVersion = 10.0.40219.1
Project("{9A19103F-16F7-4668-BE54-9A1E7A4F7556}") = "tetris", "tetris\tetris.csproj", "{3F97942A-82C8-4644-B940-5146A27508BE}"
EndProject
Project("{9A19103F-16F7-4668-BE54-9A1E7A4F7556}") = "Collections", "Collections\Collections.csproj", "{AB9C3075-BFCF-439E-9F20-DEF095120ABE}"
EndProject
Project("{FAE04EC0-301F-11D3-BF4B-00C04F79EFBC}") = "Enums", "Enums\Enums.csproj", "{D0E99F64-BD0C-4723-AFAF-39BA94128B70}"
EndProject
Global
	GlobalSection(SolutionConfigurationPlatforms) = preSolution
		Debug|Any CPU = Debug|Any CPU
		Release|Any CPU = Release|Any CPU
	EndGlobalSection
	GlobalSection(ProjectConfigurationPlatforms) = postSolution
		{3F97942A-82C8-4644-B940-5146A27508BE}.Debug|Any CPU.ActiveCfg = Debug|Any CPU
		{3F97942A-82C8-4644-B940-5146A27508BE}.Debug|Any CPU.Build.0 = Debug|Any CPU
		{3F97942A-82C8-4644-B940-5146A27508BE}.Release|Any CPU.ActiveCfg = Release|Any CPU
		{3F97942A-82C8-4644-B940-5146A27508BE}.Release|Any CPU.Build.0 = Release|Any CPU
		{AB9C3075-BFCF-439E-9F20-DEF095120ABE}.Debug|Any CPU.ActiveCfg = Debug|Any CPU
		{AB9C3075-BFCF-439E-9F20-DEF095120ABE}.Debug|Any CPU.Build.0 = Debug|Any CPU
		{AB9C3075-BFCF-439E-9F20-DEF095120ABE}.Release|Any CPU.ActiveCfg = Release|Any CPU
		{AB9C3075-BFCF-439E-9F20-DEF095120ABE}.Release|Any CPU.Build.0 = Release|Any CPU
		{D0E99F64-BD0C-4723-AFAF-39BA94128B70}.Debug|Any CPU.ActiveCfg = Debug|Any CPU
		{D0E99F64-BD0C-4723-AFAF-39BA94128B70}.Debug|Any CPU.Build.0 = Debug|Any CPU
		{D0E99F64-BD0C-4723-AFAF-39BA94128B70}.Release|Any CPU.ActiveCfg = Release|Any CPU
		{D0E99F64-BD0C-4723-AFAF-39BA94128B70}.Release|Any CPU.Build.0 = Release|Any CPU
	EndGlobalSection
	GlobalSection(SolutionProperties) = preSolution
		HideSolutionNode = FALSE
	EndGlobalSection
	GlobalSection(ExtensibilityGlobals) = postSolution
		SolutionGuid = {AA101D52-E65E-4B73-960C-35DEC390C4C6}
	EndGlobalSection
EndGlobal
